<?xml version="1.0" encoding="utf-8"?>
<Project ToolsVersion="4.0" xmlns="http://schemas.microsoft.com/developer/msbuild/2003">
  <ItemGroup>
    <Filter Include="Header Files">
      <UniqueIdentifier>{93995380-89BD-4b04-88EB-625FBE52EBFB}</UniqueIdentifier>
      <Extensions>h;hh;hpp;hxx;h++;hm;inl;inc;ipp;xsd</Extensions>
    </Filter>
    <Filter Include="Core">
      <UniqueIdentifier>{1391d1ad-6346-4c56-84d1-f263ec766f22}</UniqueIdentifier>
    </Filter>
    <Filter Include="Utils">
      <UniqueIdentifier>{d00ebb0b-777d-4e69-91f9-737c29f7ff27}</UniqueIdentifier>
    </Filter>
    <Filter Include="Enums">
      <UniqueIdentifier>{b162fe87-467e-4617-8eb1-7b33b2881737}</UniqueIdentifier>
    </Filter>
    <Filter Include="Scenes">
      <UniqueIdentifier>{73a4f1a8-232a-47d6-8b6d-70ff0bf0773c}</UniqueIdentifier>
    </Filter>
    <Filter Include="Main">
      <UniqueIdentifier>{862904e6-8bc1-4dd3-8bd9-9e96fae5959c}</UniqueIdentifier>
    </Filter>
  </ItemGroup>
  <ItemGroup>
    <ClCompile Include="Game.cpp">
      <Filter>Core</Filter>
    </ClCompile>
    <ClCompile Include="GameStateMachine.cpp">
      <Filter>Core</Filter>
    </ClCompile>
    <ClCompile Include="InputHandler.cpp">
      <Filter>Core</Filter>
    </ClCompile>
    <ClCompile Include="Sprites.cpp">
      <Filter>Core</Filter>
    </ClCompile>
    <ClCompile Include="GameScene.cpp">
      <Filter>Scenes</Filter>
    </ClCompile>
    <ClCompile Include="LoseScene.cpp">
      <Filter>Scenes</Filter>
    </ClCompile>
    <ClCompile Include="PauseScene.cpp">
      <Filter>Scenes</Filter>
    </ClCompile>
    <ClCompile Include="TitleScene.cpp">
      <Filter>Scenes</Filter>
    </ClCompile>
    <ClCompile Include="WinScene.cpp">
      <Filter>Scenes</Filter>
    </ClCompile>
    <ClCompile Include="Main.cpp">
      <Filter>Main</Filter>
    </ClCompile>
    <ClCompile Include="TextureManager.cpp">
      <Filter>Core</Filter>
    </ClCompile>
  </ItemGroup>
  <ItemGroup>
    <ClInclude Include="Game.h">
      <Filter>Core</Filter>
    </ClInclude>
    <ClInclude Include="GameStateMachine.h">
      <Filter>Core</Filter>
    </ClInclude>
    <ClInclude Include="InputHandler.h">
      <Filter>Core</Filter>
    </ClInclude>
    <ClInclude Include="Scene.h">
      <Filter>Core</Filter>
    </ClInclude>
    <ClInclude Include="Sprites.h">
      <Filter>Core</Filter>
    </ClInclude>
    <ClInclude Include="Utilities.h">
      <Filter>Utils</Filter>
    </ClInclude>
    <ClInclude Include="TextureManager.h">
      <Filter>Core</Filter>
    </ClInclude>
    <ClInclude Include="GameStateE.h">
      <Filter>Enums</Filter>
    </ClInclude>
    <ClInclude Include="GameScene.h">
      <Filter>Scenes</Filter>
    </ClInclude>
    <ClInclude Include="LoseScene.h">
      <Filter>Scenes</Filter>
    </ClInclude>
    <ClInclude Include="PauseScene.h">
      <Filter>Scenes</Filter>
    </ClInclude>
    <ClInclude Include="TitleScene.h">
      <Filter>Scenes</Filter>
    </ClInclude>
    <ClInclude Include="WinScene.h">
      <Filter>Scenes</Filter>
    </ClInclude>
  </ItemGroup>
</Project>